
Microsoft Visual Studio Solution File, Format Version 12.00
# Visual Studio Version 17
VisualStudioVersion = 17.5.33627.172
MinimumVisualStudioVersion = 10.0.40219.1
Project("{9A19103F-16F7-4668-BE54-9A1E7A4F7556}") = "ShareClipbrdApp.Win", "ShareClipbrdApp.Win\ShareClipbrdApp.Win.csproj", "{0C6E777D-2F5C-4339-9D5D-5C68705FFC26}"
EndProject
Project("{9A19103F-16F7-4668-BE54-9A1E7A4F7556}") = "ShareClipbrd.Core", "ShareClipbrd.Core\ShareClipbrd.Core.csproj", "{8FE09C5B-45CA-4234-927B-FDE9893FC628}"
EndProject
Project("{9A19103F-16F7-4668-BE54-9A1E7A4F7556}") = "ShareClipbrdApp.Win.Tests", "ShareClipbrdApp.Win.Tests\ShareClipbrdApp.Win.Tests.csproj", "{825BE8AA-7FE9-4296-8C7A-3D806A109052}"
EndProject
Project("{9A19103F-16F7-4668-BE54-9A1E7A4F7556}") = "ShareClipbrd.Core.Tests", "ShareClipbrd.Core.Tests\ShareClipbrd.Core.Tests.csproj", "{E8C61EE9-7C7E-4ED1-B2B8-ACCB064E633B}"
EndProject
Project("{FAE04EC0-301F-11D3-BF4B-00C04F79EFBC}") = "ShareClipbrdApp", "ShareClipbrdApp\ShareClipbrdApp.csproj", "{D17F8E3C-4EFF-4D3B-851D-0995FAF0C16F}"
EndProject
Global
	GlobalSection(SolutionConfigurationPlatforms) = preSolution
		Debug|Any CPU = Debug|Any CPU
		Release|Any CPU = Release|Any CPU
	EndGlobalSection
	GlobalSection(ProjectConfigurationPlatforms) = postSolution
		{0C6E777D-2F5C-4339-9D5D-5C68705FFC26}.Debug|Any CPU.ActiveCfg = Debug|Any CPU
		{0C6E777D-2F5C-4339-9D5D-5C68705FFC26}.Debug|Any CPU.Build.0 = Debug|Any CPU
		{0C6E777D-2F5C-4339-9D5D-5C68705FFC26}.Release|Any CPU.ActiveCfg = Release|Any CPU
		{0C6E777D-2F5C-4339-9D5D-5C68705FFC26}.Release|Any CPU.Build.0 = Release|Any CPU
		{8FE09C5B-45CA-4234-927B-FDE9893FC628}.Debug|Any CPU.ActiveCfg = Debug|Any CPU
		{8FE09C5B-45CA-4234-927B-FDE9893FC628}.Debug|Any CPU.Build.0 = Debug|Any CPU
		{8FE09C5B-45CA-4234-927B-FDE9893FC628}.Release|Any CPU.ActiveCfg = Release|Any CPU
		{8FE09C5B-45CA-4234-927B-FDE9893FC628}.Release|Any CPU.Build.0 = Release|Any CPU
		{825BE8AA-7FE9-4296-8C7A-3D806A109052}.Debug|Any CPU.ActiveCfg = Debug|Any CPU
		{825BE8AA-7FE9-4296-8C7A-3D806A109052}.Debug|Any CPU.Build.0 = Debug|Any CPU
		{825BE8AA-7FE9-4296-8C7A-3D806A109052}.Release|Any CPU.ActiveCfg = Release|Any CPU
		{825BE8AA-7FE9-4296-8C7A-3D806A109052}.Release|Any CPU.Build.0 = Release|Any CPU
		{E8C61EE9-7C7E-4ED1-B2B8-ACCB064E633B}.Debug|Any CPU.ActiveCfg = Debug|Any CPU
		{E8C61EE9-7C7E-4ED1-B2B8-ACCB064E633B}.Debug|Any CPU.Build.0 = Debug|Any CPU
		{E8C61EE9-7C7E-4ED1-B2B8-ACCB064E633B}.Release|Any CPU.ActiveCfg = Release|Any CPU
		{E8C61EE9-7C7E-4ED1-B2B8-ACCB064E633B}.Release|Any CPU.Build.0 = Release|Any CPU
		{D17F8E3C-4EFF-4D3B-851D-0995FAF0C16F}.Debug|Any CPU.ActiveCfg = Debug|Any CPU
		{D17F8E3C-4EFF-4D3B-851D-0995FAF0C16F}.Debug|Any CPU.Build.0 = Debug|Any CPU
		{D17F8E3C-4EFF-4D3B-851D-0995FAF0C16F}.Release|Any CPU.ActiveCfg = Release|Any CPU
		{D17F8E3C-4EFF-4D3B-851D-0995FAF0C16F}.Release|Any CPU.Build.0 = Release|Any CPU
	EndGlobalSection
	GlobalSection(SolutionProperties) = preSolution
		HideSolutionNode = FALSE
	EndGlobalSection
	GlobalSection(ExtensibilityGlobals) = postSolution
		SolutionGuid = {E965B096-3711-48AA-B3B2-05785C0BB8AE}
	EndGlobalSection
EndGlobal
